// !$*UTF8*$!
{
	archiveVersion = 1;
	classes = {
	};
	objectVersion = 46;
	objects = {

/* Begin PBXBuildFile section */
		53B3A5242E9E281A0049909B /* Common.swift in Sources */ = {isa = PBXBuildFile; fileRef = 53B3A5232E9E281A0049909B /* Common.swift */; };
		53B3A5272E9E28360049909B /* NotificationCenterKeys.swift in Sources */ = {isa = PBXBuildFile; fileRef = 53B3A5252E9E28360049909B /* NotificationCenterKeys.swift */; };
		53B3A5282E9E28360049909B /* UserDefaultsTools.swift in Sources */ = {isa = PBXBuildFile; fileRef = 53B3A5262E9E28360049909B /* UserDefaultsTools.swift */; };
		53B3A52A2E9E285D0049909B /* GlobalImports.swift in Sources */ = {isa = PBXBuildFile; fileRef = 53B3A5292E9E285D0049909B /* GlobalImports.swift */; };
		53B3A53A2E9E2AE00049909B /* StrategyFooterA.swift in Sources */ = {isa = PBXBuildFile; fileRef = 53B3A52F2E9E2AE00049909B /* StrategyFooterA.swift */; };
		53B3A53B2E9E2AE00049909B /* StrategyBase.swift in Sources */ = {isa = PBXBuildFile; fileRef = 53B3A52C2E9E2AE00049909B /* StrategyBase.swift */; };
		53B3A53C2E9E2AE00049909B /* StrategyFooterB.swift in Sources */ = {isa = PBXBuildFile; fileRef = 53B3A5302E9E2AE00049909B /* StrategyFooterB.swift */; };
		53B3A53D2E9E2AE00049909B /* CoreDataViewController.swift in Sources */ = {isa = PBXBuildFile; fileRef = 53B3A5372E9E2AE00049909B /* CoreDataViewController.swift */; };
		53B3A53E2E9E2AE00049909B /* StrategyHeaderB.swift in Sources */ = {isa = PBXBuildFile; fileRef = 53B3A5322E9E2AE00049909B /* StrategyHeaderB.swift */; };
		53B3A53F2E9E2AE00049909B /* StrategyCellB.swift in Sources */ = {isa = PBXBuildFile; fileRef = 53B3A52E2E9E2AE00049909B /* StrategyCellB.swift */; };
		53B3A5402E9E2AE00049909B /* CoreDataTest.xcdatamodeld in Sources */ = {isa = PBXBuildFile; fileRef = 53B3A5362E9E2AE00049909B /* CoreDataTest.xcdatamodeld */; };
		53B3A5412E9E2AE00049909B /* StrategyCellA.swift in Sources */ = {isa = PBXBuildFile; fileRef = 53B3A52D2E9E2AE00049909B /* StrategyCellA.swift */; };
		53B3A5422E9E2AE00049909B /* StrategyHeaderA.swift in Sources */ = {isa = PBXBuildFile; fileRef = 53B3A5312E9E2AE00049909B /* StrategyHeaderA.swift */; };
		53B3A5432E9E2AE00049909B /* StrategyViewController.swift in Sources */ = {isa = PBXBuildFile; fileRef = 53B3A5332E9E2AE00049909B /* StrategyViewController.swift */; };
		53B3A5442E9E2AE00049909B /* CoreDataManager.swift in Sources */ = {isa = PBXBuildFile; fileRef = 53B3A5352E9E2AE00049909B /* CoreDataManager.swift */; };
		53B3A5502E9E2AED0049909B /* PhotoStore.swift in Sources */ = {isa = PBXBuildFile; fileRef = 53B3A54D2E9E2AED0049909B /* PhotoStore.swift */; };
		53B3A5512E9E2AED0049909B /* iCloudDocumentsManager.swift in Sources */ = {isa = PBXBuildFile; fileRef = 53B3A5472E9E2AED0049909B /* iCloudDocumentsManager.swift */; };
		53B3A5522E9E2AED0049909B /* PersistenceController.swift in Sources */ = {isa = PBXBuildFile; fileRef = 53B3A54C2E9E2AED0049909B /* PersistenceController.swift */; };
		53B3A5532E9E2AED0049909B /* List01ViewController.swift in Sources */ = {isa = PBXBuildFile; fileRef = 53B3A54B2E9E2AED0049909B /* List01ViewController.swift */; };
		53B3A5542E9E2AED0049909B /* CoreDataICloud.xcdatamodeld in Sources */ = {isa = PBXBuildFile; fileRef = 53B3A5462E9E2AED0049909B /* CoreDataICloud.xcdatamodeld */; };
		53B3A5552E9E2AED0049909B /* iCloudDocumentViewController.swift in Sources */ = {isa = PBXBuildFile; fileRef = 53B3A5482E9E2AED0049909B /* iCloudDocumentViewController.swift */; };
		53B3A5562E9E2AED0049909B /* iCloudRecordAssetViewController.swift in Sources */ = {isa = PBXBuildFile; fileRef = 53B3A5492E9E2AED0049909B /* iCloudRecordAssetViewController.swift */; };
		53B3A5572E9E2AED0049909B /* CloudKitPhotoManager.swift in Sources */ = {isa = PBXBuildFile; fileRef = 53B3A5452E9E2AED0049909B /* CloudKitPhotoManager.swift */; };
		53B3A5582E9E2AED0049909B /* iCloudUseViewController.swift in Sources */ = {isa = PBXBuildFile; fileRef = 53B3A54A2E9E2AED0049909B /* iCloudUseViewController.swift */; };
		53B3A5652E9E2AF50049909B /* Products.plist in Resources */ = {isa = PBXBuildFile; fileRef = 53B3A55F2E9E2AF50049909B /* Products.plist */; };
		53B3A5662E9E2AF50049909B /* Configuration.storekit in Resources */ = {isa = PBXBuildFile; fileRef = 53B3A55D2E9E2AF50049909B /* Configuration.storekit */; };
		53B3A5672E9E2AF50049909B /* 428AC58F.png in Resources */ = {isa = PBXBuildFile; fileRef = 53B3A5592E9E2AF50049909B /* 428AC58F.png */; };
		53B3A5682E9E2AF50049909B /* 583834B5.png in Resources */ = {isa = PBXBuildFile; fileRef = 53B3A55A2E9E2AF50049909B /* 583834B5.png */; };
		53B3A5692E9E2AF50049909B /* C4BE5869.png in Resources */ = {isa = PBXBuildFile; fileRef = 53B3A55B2E9E2AF50049909B /* C4BE5869.png */; };
		53B3A56A2E9E2AF50049909B /* PurchaseTableHeaderView.swift in Sources */ = {isa = PBXBuildFile; fileRef = 53B3A5602E9E2AF50049909B /* PurchaseTableHeaderView.swift */; };
		53B3A56B2E9E2AF50049909B /* PurchaseViewController.swift in Sources */ = {isa = PBXBuildFile; fileRef = 53B3A5622E9E2AF50049909B /* PurchaseViewController.swift */; };
		53B3A56C2E9E2AF50049909B /* Store.swift in Sources */ = {isa = PBXBuildFile; fileRef = 53B3A5632E9E2AF50049909B /* Store.swift */; };
		53B3A56D2E9E2AF50049909B /* PurchaseTableViewCell.swift in Sources */ = {isa = PBXBuildFile; fileRef = 53B3A5612E9E2AF50049909B /* PurchaseTableViewCell.swift */; };
		53B3A5762E9E37360049909B /* DataBaseTool.swift in Sources */ = {isa = PBXBuildFile; fileRef = 53B3A56F2E9E37360049909B /* DataBaseTool.swift */; };
		53B3A5772E9E37360049909B /* EducationDetailModel.swift in Sources */ = {isa = PBXBuildFile; fileRef = 53B3A5712E9E37360049909B /* EducationDetailModel.swift */; };
		53B3A5782E9E37360049909B /* EducationModel.swift in Sources */ = {isa = PBXBuildFile; fileRef = 53B3A5722E9E37360049909B /* EducationModel.swift */; };
		53B3A5792E9E37360049909B /* PersonModel.swift in Sources */ = {isa = PBXBuildFile; fileRef = 53B3A5732E9E37360049909B /* PersonModel.swift */; };
		53B3A57A2E9E37360049909B /* DataBaseViewController.swift in Sources */ = {isa = PBXBuildFile; fileRef = 53B3A5702E9E37360049909B /* DataBaseViewController.swift */; };
		53B3A57D2E9E38650049909B /* SuperModel.swift in Sources */ = {isa = PBXBuildFile; fileRef = 53B3A57B2E9E38650049909B /* SuperModel.swift */; };
		53B3A5842E9E3DBB0049909B /* ReportViewController.swift in Sources */ = {isa = PBXBuildFile; fileRef = 53B3A5832E9E3DBB0049909B /* ReportViewController.swift */; };
		53B3A5862E9E3E000049909B /* SummaryViewController.swift in Sources */ = {isa = PBXBuildFile; fileRef = 53B3A5852E9E3E000049909B /* SummaryViewController.swift */; };
		53B3A58A2E9E429B0049909B /* Widget01ViewController.swift in Sources */ = {isa = PBXBuildFile; fileRef = 53B3A5892E9E429B0049909B /* Widget01ViewController.swift */; };
		53B3A5A12E9E43BA0049909B /* new-guid-3.mp4 in Resources */ = {isa = PBXBuildFile; fileRef = 53B3A59B2E9E43BA0049909B /* new-guid-3.mp4 */; };
		53B3A5A22E9E43BA0049909B /* ArchivoBlack-Regular-2.ttf in Resources */ = {isa = PBXBuildFile; fileRef = 53B3A58C2E9E43BA0049909B /* ArchivoBlack-Regular-2.ttf */; };
		53B3A5A32E9E43BA0049909B /* new-guid-2.mp4 in Resources */ = {isa = PBXBuildFile; fileRef = 53B3A59A2E9E43BA0049909B /* new-guid-2.mp4 */; };
		53B3A5A42E9E43BA0049909B /* Inter-Light-7.otf in Resources */ = {isa = PBXBuildFile; fileRef = 53B3A58E2E9E43BA0049909B /* Inter-Light-7.otf */; };
		53B3A5A52E9E43BA0049909B /* new-guid-0.mp4 in Resources */ = {isa = PBXBuildFile; fileRef = 53B3A5982E9E43BA0049909B /* new-guid-0.mp4 */; };
		53B3A5A62E9E43BA0049909B /* currency.json in Resources */ = {isa = PBXBuildFile; fileRef = 53B3A5962E9E43BA0049909B /* currency.json */; };
		53B3A5A72E9E43BA0049909B /* Inter-Medium-8.otf in Resources */ = {isa = PBXBuildFile; fileRef = 53B3A58F2E9E43BA0049909B /* Inter-Medium-8.otf */; };
		53B3A5A82E9E43BA0049909B /* first_page_gif.gif in Resources */ = {isa = PBXBuildFile; fileRef = 53B3A5922E9E43BA0049909B /* first_page_gif.gif */; };
		53B3A5A92E9E43BA0049909B /* setting_animation.mp4 in Resources */ = {isa = PBXBuildFile; fileRef = 53B3A59D2E9E43BA0049909B /* setting_animation.mp4 */; };
		53B3A5AA2E9E43BA0049909B /* retrieve_earth.gif in Resources */ = {isa = PBXBuildFile; fileRef = 53B3A5932E9E43BA0049909B /* retrieve_earth.gif */; };
		53B3A5AB2E9E43BA0049909B /* new-guid-1.mp4 in Resources */ = {isa = PBXBuildFile; fileRef = 53B3A5992E9E43BA0049909B /* new-guid-1.mp4 */; };
		53B3A5AD2E9E43BA0049909B /* new-guid-4.mp4 in Resources */ = {isa = PBXBuildFile; fileRef = 53B3A59C2E9E43BA0049909B /* new-guid-4.mp4 */; };
		53B3A5AE2E9E43BA0049909B /* Inter-Bold-4.otf in Resources */ = {isa = PBXBuildFile; fileRef = 53B3A58D2E9E43BA0049909B /* Inter-Bold-4.otf */; };
		53B3A5AF2E9E43BA0049909B /* category.json in Resources */ = {isa = PBXBuildFile; fileRef = 53B3A5952E9E43BA0049909B /* category.json */; };
		53B3A5B02E9E43BA0049909B /* Inter-Regular-9.otf in Resources */ = {isa = PBXBuildFile; fileRef = 53B3A5902E9E43BA0049909B /* Inter-Regular-9.otf */; };
		53B3A5C02E9E47A70049909B /* Localizable.strings in Resources */ = {isa = PBXBuildFile; fileRef = 53B3A5BE2E9E47A70049909B /* Localizable.strings */; };
		53B3A5CA2E9E4A400049909B /* Fonts.swift in Sources */ = {isa = PBXBuildFile; fileRef = 53B3A5C52E9E4A400049909B /* Fonts.swift */; };
		53B3A5CB2E9E4A400049909B /* JSON.swift in Sources */ = {isa = PBXBuildFile; fileRef = 53B3A5C72E9E4A400049909B /* JSON.swift */; };
		53B3A5CC2E9E4A400049909B /* Images.swift in Sources */ = {isa = PBXBuildFile; fileRef = 53B3A5C62E9E4A400049909B /* Images.swift */; };
		53B3A5CD2E9E4A400049909B /* Strings.swift in Sources */ = {isa = PBXBuildFile; fileRef = 53B3A5C92E9E4A400049909B /* Strings.swift */; };
		53B3A5CE2E9E4A400049909B /* MediaFiles.swift in Sources */ = {isa = PBXBuildFile; fileRef = 53B3A5C82E9E4A400049909B /* MediaFiles.swift */; };
		53B99B3D2E8A1EEF0000FD83 /* CustomTabBar.swift in Sources */ = {isa = PBXBuildFile; fileRef = 53B99B392E8A1EEF0000FD83 /* CustomTabBar.swift */; };
		53B99B3F2E8A1EEF0000FD83 /* MainTabBarController.swift in Sources */ = {isa = PBXBuildFile; fileRef = 53B99B3A2E8A1EEF0000FD83 /* MainTabBarController.swift */; };
		53B99B452E8A21870000FD83 /* HomeViewController.swift in Sources */ = {isa = PBXBuildFile; fileRef = 53B99B442E8A21870000FD83 /* HomeViewController.swift */; };
		53B99B472E8A64960000FD83 /* WidgetViewController.swift in Sources */ = {isa = PBXBuildFile; fileRef = 53B99B462E8A64960000FD83 /* WidgetViewController.swift */; };
		607FACD61AFB9204008FA782 /* AppDelegate.swift in Sources */ = {isa = PBXBuildFile; fileRef = 607FACD51AFB9204008FA782 /* AppDelegate.swift */; };
		607FACDD1AFB9204008FA782 /* Images.xcassets in Resources */ = {isa = PBXBuildFile; fileRef = 607FACDC1AFB9204008FA782 /* Images.xcassets */; };
		607FACE01AFB9204008FA782 /* LaunchScreen.xib in Resources */ = {isa = PBXBuildFile; fileRef = 607FACDE1AFB9204008FA782 /* LaunchScreen.xib */; };
		9D7C627990386FC56695EF66 /* Pods_KiwiPublicPod_Example.framework in Frameworks */ = {isa = PBXBuildFile; fileRef = 947444DD03C67369C78DC544 /* Pods_KiwiPublicPod_Example.framework */; };
/* End PBXBuildFile section */

/* Begin PBXFileReference section */
		0562C9197C0F96F9F759F5E2 /* Pods-KiwiPublicPod_Example.debug.xcconfig */ = {isa = PBXFileReference; includeInIndex = 1; lastKnownFileType = text.xcconfig; name = "Pods-KiwiPublicPod_Example.debug.xcconfig"; path = "Target Support Files/Pods-KiwiPublicPod_Example/Pods-KiwiPublicPod_Example.debug.xcconfig"; sourceTree = "<group>"; };
		53B3A5232E9E281A0049909B /* Common.swift */ = {isa = PBXFileReference; lastKnownFileType = sourcecode.swift; path = Common.swift; sourceTree = "<group>"; };
		53B3A5252E9E28360049909B /* NotificationCenterKeys.swift */ = {isa = PBXFileReference; lastKnownFileType = sourcecode.swift; path = NotificationCenterKeys.swift; sourceTree = "<group>"; };
		53B3A5262E9E28360049909B /* UserDefaultsTools.swift */ = {isa = PBXFileReference; lastKnownFileType = sourcecode.swift; path = UserDefaultsTools.swift; sourceTree = "<group>"; };
		53B3A5292E9E285D0049909B /* GlobalImports.swift */ = {isa = PBXFileReference; lastKnownFileType = sourcecode.swift; path = GlobalImports.swift; sourceTree = "<group>"; };
		53B3A52C2E9E2AE00049909B /* StrategyBase.swift */ = {isa = PBXFileReference; lastKnownFileType = sourcecode.swift; path = StrategyBase.swift; sourceTree = "<group>"; };
		53B3A52D2E9E2AE00049909B /* StrategyCellA.swift */ = {isa = PBXFileReference; lastKnownFileType = sourcecode.swift; path = StrategyCellA.swift; sourceTree = "<group>"; };
		53B3A52E2E9E2AE00049909B /* StrategyCellB.swift */ = {isa = PBXFileReference; lastKnownFileType = sourcecode.swift; path = StrategyCellB.swift; sourceTree = "<group>"; };
		53B3A52F2E9E2AE00049909B /* StrategyFooterA.swift */ = {isa = PBXFileReference; lastKnownFileType = sourcecode.swift; path = StrategyFooterA.swift; sourceTree = "<group>"; };
		53B3A5302E9E2AE00049909B /* StrategyFooterB.swift */ = {isa = PBXFileReference; lastKnownFileType = sourcecode.swift; path = StrategyFooterB.swift; sourceTree = "<group>"; };
		53B3A5312E9E2AE00049909B /* StrategyHeaderA.swift */ = {isa = PBXFileReference; lastKnownFileType = sourcecode.swift; path = StrategyHeaderA.swift; sourceTree = "<group>"; };
		53B3A5322E9E2AE00049909B /* StrategyHeaderB.swift */ = {isa = PBXFileReference; lastKnownFileType = sourcecode.swift; path = StrategyHeaderB.swift; sourceTree = "<group>"; };
		53B3A5332E9E2AE00049909B /* StrategyViewController.swift */ = {isa = PBXFileReference; lastKnownFileType = sourcecode.swift; path = StrategyViewController.swift; sourceTree = "<group>"; };
		53B3A5352E9E2AE00049909B /* CoreDataManager.swift */ = {isa = PBXFileReference; lastKnownFileType = sourcecode.swift; path = CoreDataManager.swift; sourceTree = "<group>"; };
		53B3A5372E9E2AE00049909B /* CoreDataViewController.swift */ = {isa = PBXFileReference; lastKnownFileType = sourcecode.swift; path = CoreDataViewController.swift; sourceTree = "<group>"; };
		53B3A5392E9E2AE00049909B /* CoreDataTest.xcdatamodel */ = {isa = PBXFileReference; lastKnownFileType = wrapper.xcdatamodel; path = CoreDataTest.xcdatamodel; sourceTree = "<group>"; };
		53B3A5452E9E2AED0049909B /* CloudKitPhotoManager.swift */ = {isa = PBXFileReference; lastKnownFileType = sourcecode.swift; path = CloudKitPhotoManager.swift; sourceTree = "<group>"; };
		53B3A5472E9E2AED0049909B /* iCloudDocumentsManager.swift */ = {isa = PBXFileReference; lastKnownFileType = sourcecode.swift; path = iCloudDocumentsManager.swift; sourceTree = "<group>"; };
		53B3A5482E9E2AED0049909B /* iCloudDocumentViewController.swift */ = {isa = PBXFileReference; lastKnownFileType = sourcecode.swift; path = iCloudDocumentViewController.swift; sourceTree = "<group>"; };
		53B3A5492E9E2AED0049909B /* iCloudRecordAssetViewController.swift */ = {isa = PBXFileReference; lastKnownFileType = sourcecode.swift; path = iCloudRecordAssetViewController.swift; sourceTree = "<group>"; };
		53B3A54A2E9E2AED0049909B /* iCloudUseViewController.swift */ = {isa = PBXFileReference; lastKnownFileType = sourcecode.swift; path = iCloudUseViewController.swift; sourceTree = "<group>"; };
		53B3A54B2E9E2AED0049909B /* List01ViewController.swift */ = {isa = PBXFileReference; lastKnownFileType = sourcecode.swift; path = List01ViewController.swift; sourceTree = "<group>"; };
		53B3A54C2E9E2AED0049909B /* PersistenceController.swift */ = {isa = PBXFileReference; lastKnownFileType = sourcecode.swift; path = PersistenceController.swift; sourceTree = "<group>"; };
		53B3A54D2E9E2AED0049909B /* PhotoStore.swift */ = {isa = PBXFileReference; lastKnownFileType = sourcecode.swift; path = PhotoStore.swift; sourceTree = "<group>"; };
		53B3A54F2E9E2AED0049909B /* CoreDataICloud.xcdatamodel */ = {isa = PBXFileReference; lastKnownFileType = wrapper.xcdatamodel; path = CoreDataICloud.xcdatamodel; sourceTree = "<group>"; };
		53B3A5592E9E2AF50049909B /* 428AC58F.png */ = {isa = PBXFileReference; lastKnownFileType = image.png; path = 428AC58F.png; sourceTree = "<group>"; };
		53B3A55A2E9E2AF50049909B /* 583834B5.png */ = {isa = PBXFileReference; lastKnownFileType = image.png; path = 583834B5.png; sourceTree = "<group>"; };
		53B3A55B2E9E2AF50049909B /* C4BE5869.png */ = {isa = PBXFileReference; lastKnownFileType = image.png; path = C4BE5869.png; sourceTree = "<group>"; };
		53B3A55D2E9E2AF50049909B /* Configuration.storekit */ = {isa = PBXFileReference; lastKnownFileType = text; path = Configuration.storekit; sourceTree = "<group>"; };
		53B3A55F2E9E2AF50049909B /* Products.plist */ = {isa = PBXFileReference; lastKnownFileType = text.plist.xml; path = Products.plist; sourceTree = "<group>"; };
		53B3A5602E9E2AF50049909B /* PurchaseTableHeaderView.swift */ = {isa = PBXFileReference; lastKnownFileType = sourcecode.swift; path = PurchaseTableHeaderView.swift; sourceTree = "<group>"; };
		53B3A5612E9E2AF50049909B /* PurchaseTableViewCell.swift */ = {isa = PBXFileReference; lastKnownFileType = sourcecode.swift; path = PurchaseTableViewCell.swift; sourceTree = "<group>"; };
		53B3A5622E9E2AF50049909B /* PurchaseViewController.swift */ = {isa = PBXFileReference; lastKnownFileType = sourcecode.swift; path = PurchaseViewController.swift; sourceTree = "<group>"; };
		53B3A5632E9E2AF50049909B /* Store.swift */ = {isa = PBXFileReference; lastKnownFileType = sourcecode.swift; path = Store.swift; sourceTree = "<group>"; };
		53B3A56F2E9E37360049909B /* DataBaseTool.swift */ = {isa = PBXFileReference; lastKnownFileType = sourcecode.swift; path = DataBaseTool.swift; sourceTree = "<group>"; };
		53B3A5702E9E37360049909B /* DataBaseViewController.swift */ = {isa = PBXFileReference; lastKnownFileType = sourcecode.swift; path = DataBaseViewController.swift; sourceTree = "<group>"; };
		53B3A5712E9E37360049909B /* EducationDetailModel.swift */ = {isa = PBXFileReference; lastKnownFileType = sourcecode.swift; path = EducationDetailModel.swift; sourceTree = "<group>"; };
		53B3A5722E9E37360049909B /* EducationModel.swift */ = {isa = PBXFileReference; lastKnownFileType = sourcecode.swift; path = EducationModel.swift; sourceTree = "<group>"; };
		53B3A5732E9E37360049909B /* PersonModel.swift */ = {isa = PBXFileReference; lastKnownFileType = sourcecode.swift; path = PersonModel.swift; sourceTree = "<group>"; };
		53B3A57B2E9E38650049909B /* SuperModel.swift */ = {isa = PBXFileReference; lastKnownFileType = sourcecode.swift; path = SuperModel.swift; sourceTree = "<group>"; };
		53B3A57E2E9E392A0049909B /* KiwiPublicPod_Example.entitlements */ = {isa = PBXFileReference; lastKnownFileType = text.plist.entitlements; path = KiwiPublicPod_Example.entitlements; sourceTree = "<group>"; };
		53B3A5832E9E3DBB0049909B /* ReportViewController.swift */ = {isa = PBXFileReference; lastKnownFileType = sourcecode.swift; path = ReportViewController.swift; sourceTree = "<group>"; };
		53B3A5852E9E3E000049909B /* SummaryViewController.swift */ = {isa = PBXFileReference; lastKnownFileType = sourcecode.swift; path = SummaryViewController.swift; sourceTree = "<group>"; };
		53B3A5892E9E429B0049909B /* Widget01ViewController.swift */ = {isa = PBXFileReference; lastKnownFileType = sourcecode.swift; path = Widget01ViewController.swift; sourceTree = "<group>"; };
		53B3A58C2E9E43BA0049909B /* ArchivoBlack-Regular-2.ttf */ = {isa = PBXFileReference; lastKnownFileType = file; path = "ArchivoBlack-Regular-2.ttf"; sourceTree = "<group>"; };
		53B3A58D2E9E43BA0049909B /* Inter-Bold-4.otf */ = {isa = PBXFileReference; lastKnownFileType = file; path = "Inter-Bold-4.otf"; sourceTree = "<group>"; };
		53B3A58E2E9E43BA0049909B /* Inter-Light-7.otf */ = {isa = PBXFileReference; lastKnownFileType = file; path = "Inter-Light-7.otf"; sourceTree = "<group>"; };
		53B3A58F2E9E43BA0049909B /* Inter-Medium-8.otf */ = {isa = PBXFileReference; lastKnownFileType = file; path = "Inter-Medium-8.otf"; sourceTree = "<group>"; };
		53B3A5902E9E43BA0049909B /* Inter-Regular-9.otf */ = {isa = PBXFileReference; lastKnownFileType = file; path = "Inter-Regular-9.otf"; sourceTree = "<group>"; };
		53B3A5922E9E43BA0049909B /* first_page_gif.gif */ = {isa = PBXFileReference; lastKnownFileType = image.gif; path = first_page_gif.gif; sourceTree = "<group>"; };
		53B3A5932E9E43BA0049909B /* retrieve_earth.gif */ = {isa = PBXFileReference; lastKnownFileType = image.gif; path = retrieve_earth.gif; sourceTree = "<group>"; };
		53B3A5952E9E43BA0049909B /* category.json */ = {isa = PBXFileReference; lastKnownFileType = text.json; path = category.json; sourceTree = "<group>"; };
		53B3A5962E9E43BA0049909B /* currency.json */ = {isa = PBXFileReference; lastKnownFileType = text.json; path = currency.json; sourceTree = "<group>"; };
		53B3A5982E9E43BA0049909B /* new-guid-0.mp4 */ = {isa = PBXFileReference; lastKnownFileType = file; path = "new-guid-0.mp4"; sourceTree = "<group>"; };
		53B3A5992E9E43BA0049909B /* new-guid-1.mp4 */ = {isa = PBXFileReference; lastKnownFileType = file; path = "new-guid-1.mp4"; sourceTree = "<group>"; };
		53B3A59A2E9E43BA0049909B /* new-guid-2.mp4 */ = {isa = PBXFileReference; lastKnownFileType = file; path = "new-guid-2.mp4"; sourceTree = "<group>"; };
		53B3A59B2E9E43BA0049909B /* new-guid-3.mp4 */ = {isa = PBXFileReference; lastKnownFileType = file; path = "new-guid-3.mp4"; sourceTree = "<group>"; };
		53B3A59C2E9E43BA0049909B /* new-guid-4.mp4 */ = {isa = PBXFileReference; lastKnownFileType = file; path = "new-guid-4.mp4"; sourceTree = "<group>"; };
		53B3A59D2E9E43BA0049909B /* setting_animation.mp4 */ = {isa = PBXFileReference; lastKnownFileType = file; path = setting_animation.mp4; sourceTree = "<group>"; };
		53B3A5BF2E9E47A70049909B /* en */ = {isa = PBXFileReference; lastKnownFileType = text.plist.strings; name = en; path = en.lproj/Localizable.strings; sourceTree = "<group>"; };
		53B3A5C12E9E48FE0049909B /* zh-Hans */ = {isa = PBXFileReference; lastKnownFileType = text.plist.strings; name = "zh-Hans"; path = "zh-Hans.lproj/Localizable.strings"; sourceTree = "<group>"; };
		53B3A5C42E9E49620049909B /* fr */ = {isa = PBXFileReference; lastKnownFileType = text.plist.strings; name = fr; path = fr.lproj/Localizable.strings; sourceTree = "<group>"; };
		53B3A5C52E9E4A400049909B /* Fonts.swift */ = {isa = PBXFileReference; lastKnownFileType = sourcecode.swift; path = Fonts.swift; sourceTree = "<group>"; };
		53B3A5C62E9E4A400049909B /* Images.swift */ = {isa = PBXFileReference; lastKnownFileType = sourcecode.swift; path = Images.swift; sourceTree = "<group>"; };
		53B3A5C72E9E4A400049909B /* JSON.swift */ = {isa = PBXFileReference; lastKnownFileType = sourcecode.swift; path = JSON.swift; sourceTree = "<group>"; };
		53B3A5C82E9E4A400049909B /* MediaFiles.swift */ = {isa = PBXFileReference; lastKnownFileType = sourcecode.swift; path = MediaFiles.swift; sourceTree = "<group>"; };
		53B3A5C92E9E4A400049909B /* Strings.swift */ = {isa = PBXFileReference; lastKnownFileType = sourcecode.swift; path = Strings.swift; sourceTree = "<group>"; };
		53B99B392E8A1EEF0000FD83 /* CustomTabBar.swift */ = {isa = PBXFileReference; lastKnownFileType = sourcecode.swift; path = CustomTabBar.swift; sourceTree = "<group>"; };
		53B99B3A2E8A1EEF0000FD83 /* MainTabBarController.swift */ = {isa = PBXFileReference; lastKnownFileType = sourcecode.swift; path = MainTabBarController.swift; sourceTree = "<group>"; };
		53B99B442E8A21870000FD83 /* HomeViewController.swift */ = {isa = PBXFileReference; lastKnownFileType = sourcecode.swift; path = HomeViewController.swift; sourceTree = "<group>"; };
		53B99B462E8A64960000FD83 /* WidgetViewController.swift */ = {isa = PBXFileReference; lastKnownFileType = sourcecode.swift; path = WidgetViewController.swift; sourceTree = "<group>"; };
		552125ABD786431F9E991C26 /* LICENSE */ = {isa = PBXFileReference; includeInIndex = 1; lastKnownFileType = text; name = LICENSE; path = ../LICENSE; sourceTree = "<group>"; };
		5F7223C5A0D8028B2502D186 /* README.md */ = {isa = PBXFileReference; includeInIndex = 1; lastKnownFileType = net.daringfireball.markdown; name = README.md; path = ../README.md; sourceTree = "<group>"; };
		607FACD01AFB9204008FA782 /* KiwiPublicPod_Example.app */ = {isa = PBXFileReference; explicitFileType = wrapper.application; includeInIndex = 0; path = KiwiPublicPod_Example.app; sourceTree = BUILT_PRODUCTS_DIR; };
		607FACD41AFB9204008FA782 /* Info.plist */ = {isa = PBXFileReference; lastKnownFileType = text.plist.xml; path = Info.plist; sourceTree = "<group>"; };
		607FACD51AFB9204008FA782 /* AppDelegate.swift */ = {isa = PBXFileReference; lastKnownFileType = sourcecode.swift; path = AppDelegate.swift; sourceTree = "<group>"; };
		607FACDC1AFB9204008FA782 /* Images.xcassets */ = {isa = PBXFileReference; lastKnownFileType = folder.assetcatalog; path = Images.xcassets; sourceTree = "<group>"; };
		607FACDF1AFB9204008FA782 /* Base */ = {isa = PBXFileReference; lastKnownFileType = file.xib; name = Base; path = Base.lproj/LaunchScreen.xib; sourceTree = "<group>"; };
		6E15FA18FD502A3008D93FEE /* KiwiPublicPod.podspec */ = {isa = PBXFileReference; includeInIndex = 1; lastKnownFileType = text; name = KiwiPublicPod.podspec; path = ../KiwiPublicPod.podspec; sourceTree = "<group>"; xcLanguageSpecificationIdentifier = xcode.lang.ruby; };
		7376776A58667524B7E3D8CE /* Pods-KiwiPublicPod_Example.release.xcconfig */ = {isa = PBXFileReference; includeInIndex = 1; lastKnownFileType = text.xcconfig; name = "Pods-KiwiPublicPod_Example.release.xcconfig"; path = "Target Support Files/Pods-KiwiPublicPod_Example/Pods-KiwiPublicPod_Example.release.xcconfig"; sourceTree = "<group>"; };
		947444DD03C67369C78DC544 /* Pods_KiwiPublicPod_Example.framework */ = {isa = PBXFileReference; explicitFileType = wrapper.framework; includeInIndex = 0; path = Pods_KiwiPublicPod_Example.framework; sourceTree = BUILT_PRODUCTS_DIR; };
/* End PBXFileReference section */

/* Begin PBXFrameworksBuildPhase section */
		607FACCD1AFB9204008FA782 /* Frameworks */ = {
			isa = PBXFrameworksBuildPhase;
			buildActionMask = 2147483647;
			files = (
				9D7C627990386FC56695EF66 /* Pods_KiwiPublicPod_Example.framework in Frameworks */,
			);
			runOnlyForDeploymentPostprocessing = 0;
		};
/* End PBXFrameworksBuildPhase section */

/* Begin PBXGroup section */
		0DBD69EB126CE45BEC953A29 /* Frameworks */ = {
			isa = PBXGroup;
			children = (
				947444DD03C67369C78DC544 /* Pods_KiwiPublicPod_Example.framework */,
			);
			name = Frameworks;
			sourceTree = "<group>";
		};
		53B3A5222E9E27F90049909B /* Tools */ = {
			isa = PBXGroup;
			children = (
				53B3A5232E9E281A0049909B /* Common.swift */,
				53B3A5252E9E28360049909B /* NotificationCenterKeys.swift */,
				53B3A5262E9E28360049909B /* UserDefaultsTools.swift */,
			);
			path = Tools;
			sourceTree = "<group>";
		};
		53B3A52B2E9E2A9D0049909B /* group */ = {
			isa = PBXGroup;
			children = (
				53B3A5642E9E2AF50049909B /* Purchase内购 */,
				53B3A54E2E9E2AED0049909B /* iCloud数据 */,
				53B3A5342E9E2AE00049909B /* 策略模式多cell布局 */,
				53B3A5382E9E2AE00049909B /* 数据持久化 */,
			);
			path = group;
			sourceTree = "<group>";
		};
		53B3A5342E9E2AE00049909B /* 策略模式多cell布局 */ = {
			isa = PBXGroup;
			children = (
				53B3A52C2E9E2AE00049909B /* StrategyBase.swift */,
				53B3A52D2E9E2AE00049909B /* StrategyCellA.swift */,
				53B3A52E2E9E2AE00049909B /* StrategyCellB.swift */,
				53B3A52F2E9E2AE00049909B /* StrategyFooterA.swift */,
				53B3A5302E9E2AE00049909B /* StrategyFooterB.swift */,
				53B3A5312E9E2AE00049909B /* StrategyHeaderA.swift */,
				53B3A5322E9E2AE00049909B /* StrategyHeaderB.swift */,
				53B3A5332E9E2AE00049909B /* StrategyViewController.swift */,
			);
			path = "策略模式多cell布局";
			sourceTree = "<group>";
		};
		53B3A5382E9E2AE00049909B /* 数据持久化 */ = {
			isa = PBXGroup;
			children = (
				53B3A5352E9E2AE00049909B /* CoreDataManager.swift */,
				53B3A5362E9E2AE00049909B /* CoreDataTest.xcdatamodeld */,
				53B3A5372E9E2AE00049909B /* CoreDataViewController.swift */,
			);
			path = "数据持久化";
			sourceTree = "<group>";
		};
		53B3A54E2E9E2AED0049909B /* iCloud数据 */ = {
			isa = PBXGroup;
			children = (
				53B3A5452E9E2AED0049909B /* CloudKitPhotoManager.swift */,
				53B3A5462E9E2AED0049909B /* CoreDataICloud.xcdatamodeld */,
				53B3A5472E9E2AED0049909B /* iCloudDocumentsManager.swift */,
				53B3A5482E9E2AED0049909B /* iCloudDocumentViewController.swift */,
				53B3A5492E9E2AED0049909B /* iCloudRecordAssetViewController.swift */,
				53B3A54A2E9E2AED0049909B /* iCloudUseViewController.swift */,
				53B3A54C2E9E2AED0049909B /* PersistenceController.swift */,
				53B3A54D2E9E2AED0049909B /* PhotoStore.swift */,
			);
			path = "iCloud数据";
			sourceTree = "<group>";
		};
		53B3A55C2E9E2AF50049909B /* Assets */ = {
			isa = PBXGroup;
			children = (
				53B3A5592E9E2AF50049909B /* 428AC58F.png */,
				53B3A55A2E9E2AF50049909B /* 583834B5.png */,
				53B3A55B2E9E2AF50049909B /* C4BE5869.png */,
			);
			path = Assets;
			sourceTree = "<group>";
		};
		53B3A55E2E9E2AF50049909B /* StoreKitTest.storekit */ = {
			isa = PBXGroup;
			children = (
				53B3A55C2E9E2AF50049909B /* Assets */,
				53B3A55D2E9E2AF50049909B /* Configuration.storekit */,
			);
			path = StoreKitTest.storekit;
			sourceTree = "<group>";
		};
		53B3A5642E9E2AF50049909B /* Purchase内购 */ = {
			isa = PBXGroup;
			children = (
				53B3A55E2E9E2AF50049909B /* StoreKitTest.storekit */,
				53B3A55F2E9E2AF50049909B /* Products.plist */,
				53B3A5602E9E2AF50049909B /* PurchaseTableHeaderView.swift */,
				53B3A5612E9E2AF50049909B /* PurchaseTableViewCell.swift */,
				53B3A5622E9E2AF50049909B /* PurchaseViewController.swift */,
				53B3A5632E9E2AF50049909B /* Store.swift */,
			);
			path = "Purchase内购";
			sourceTree = "<group>";
		};
		53B3A5742E9E37360049909B /* database */ = {
			isa = PBXGroup;
			children = (
				53B3A56F2E9E37360049909B /* DataBaseTool.swift */,
				53B3A5702E9E37360049909B /* DataBaseViewController.swift */,
				53B3A5712E9E37360049909B /* EducationDetailModel.swift */,
				53B3A5722E9E37360049909B /* EducationModel.swift */,
				53B3A5732E9E37360049909B /* PersonModel.swift */,
			);
			path = database;
			sourceTree = "<group>";
		};
		53B3A57C2E9E38650049909B /* model */ = {
			isa = PBXGroup;
			children = (
				53B3A57B2E9E38650049909B /* SuperModel.swift */,
			);
			path = model;
			sourceTree = "<group>";
		};
		53B3A58B2E9E43B30049909B /* other */ = {
			isa = PBXGroup;
			children = (
				53B3A5A02E9E43BA0049909B /* source */,
			);
			path = other;
			sourceTree = "<group>";
		};
		53B3A5912E9E43BA0049909B /* font */ = {
			isa = PBXGroup;
			children = (
				53B3A58C2E9E43BA0049909B /* ArchivoBlack-Regular-2.ttf */,
				53B3A58D2E9E43BA0049909B /* Inter-Bold-4.otf */,
				53B3A58E2E9E43BA0049909B /* Inter-Light-7.otf */,
				53B3A58F2E9E43BA0049909B /* Inter-Medium-8.otf */,
				53B3A5902E9E43BA0049909B /* Inter-Regular-9.otf */,
			);
			path = font;
			sourceTree = "<group>";
		};
		53B3A5942E9E43BA0049909B /* gif */ = {
			isa = PBXGroup;
			children = (
				53B3A5922E9E43BA0049909B /* first_page_gif.gif */,
				53B3A5932E9E43BA0049909B /* retrieve_earth.gif */,
			);
			path = gif;
			sourceTree = "<group>";
		};
		53B3A5972E9E43BA0049909B /* json */ = {
			isa = PBXGroup;
			children = (
				53B3A5952E9E43BA0049909B /* category.json */,
				53B3A5962E9E43BA0049909B /* currency.json */,
			);
			path = json;
			sourceTree = "<group>";
		};
		53B3A59E2E9E43BA0049909B /* videos */ = {
			isa = PBXGroup;
			children = (
				53B3A5982E9E43BA0049909B /* new-guid-0.mp4 */,
				53B3A5992E9E43BA0049909B /* new-guid-1.mp4 */,
				53B3A59A2E9E43BA0049909B /* new-guid-2.mp4 */,
				53B3A59B2E9E43BA0049909B /* new-guid-3.mp4 */,
				53B3A59C2E9E43BA0049909B /* new-guid-4.mp4 */,
				53B3A59D2E9E43BA0049909B /* setting_animation.mp4 */,
			);
			path = videos;
			sourceTree = "<group>";
		};
		53B3A5A02E9E43BA0049909B /* source */ = {
			isa = PBXGroup;
			children = (
				53B3A5912E9E43BA0049909B /* font */,
				53B3A5942E9E43BA0049909B /* gif */,
				53B3A5972E9E43BA0049909B /* json */,
				53B3A59E2E9E43BA0049909B /* videos */,
			);
			path = source;
			sourceTree = "<group>";
		};
		53B3A5B22E9E45820049909B /* generated */ = {
			isa = PBXGroup;
			children = (
				53B3A5C52E9E4A400049909B /* Fonts.swift */,
				53B3A5C62E9E4A400049909B /* Images.swift */,
				53B3A5C72E9E4A400049909B /* JSON.swift */,
				53B3A5C82E9E4A400049909B /* MediaFiles.swift */,
				53B3A5C92E9E4A400049909B /* Strings.swift */,
			);
			path = generated;
			sourceTree = "<group>";
		};
		53B99B382E8A1EEC0000FD83 /* Base */ = {
			isa = PBXGroup;
			children = (
				53B3A58B2E9E43B30049909B /* other */,
				53B3A57C2E9E38650049909B /* model */,
				53B3A5742E9E37360049909B /* database */,
				53B3A5222E9E27F90049909B /* Tools */,
				53B99B3C2E8A1EEF0000FD83 /* tabbar */,
			);
			path = Base;
			sourceTree = "<group>";
		};
		53B99B3C2E8A1EEF0000FD83 /* tabbar */ = {
			isa = PBXGroup;
			children = (
				53B99B392E8A1EEF0000FD83 /* CustomTabBar.swift */,
				53B99B3A2E8A1EEF0000FD83 /* MainTabBarController.swift */,
			);
			path = tabbar;
			sourceTree = "<group>";
		};
		53B99B402E8A21540000FD83 /* Home */ = {
			isa = PBXGroup;
			children = (
				53B99B442E8A21870000FD83 /* HomeViewController.swift */,
				53B99B462E8A64960000FD83 /* WidgetViewController.swift */,
				53B3A5892E9E429B0049909B /* Widget01ViewController.swift */,
			);
			path = Home;
			sourceTree = "<group>";
		};
		53B99B412E8A215F0000FD83 /* Report */ = {
			isa = PBXGroup;
			children = (
				53B3A5832E9E3DBB0049909B /* ReportViewController.swift */,
			);
			path = Report;
			sourceTree = "<group>";
		};
		53B99B422E8A21670000FD83 /* Summary */ = {
			isa = PBXGroup;
			children = (
				53B3A5852E9E3E000049909B /* SummaryViewController.swift */,
			);
			path = Summary;
			sourceTree = "<group>";
		};
		53B99B432E8A21740000FD83 /* Setting */ = {
			isa = PBXGroup;
			children = (
				53B3A54B2E9E2AED0049909B /* List01ViewController.swift */,
			);
			path = Setting;
			sourceTree = "<group>";
		};
		607FACC71AFB9204008FA782 = {
			isa = PBXGroup;
			children = (
				53B3A57E2E9E392A0049909B /* KiwiPublicPod_Example.entitlements */,
				607FACF51AFB993E008FA782 /* Podspec Metadata */,
				607FACD21AFB9204008FA782 /* Example for KiwiPublicPod */,
				607FACD11AFB9204008FA782 /* Products */,
				D2EA2F497D98AF227D2AE1A4 /* Pods */,
				0DBD69EB126CE45BEC953A29 /* Frameworks */,
			);
			sourceTree = "<group>";
		};
		607FACD11AFB9204008FA782 /* Products */ = {
			isa = PBXGroup;
			children = (
				607FACD01AFB9204008FA782 /* KiwiPublicPod_Example.app */,
			);
			name = Products;
			sourceTree = "<group>";
		};
		607FACD21AFB9204008FA782 /* Example for KiwiPublicPod */ = {
			isa = PBXGroup;
			children = (
				53B3A5B22E9E45820049909B /* generated */,
				53B3A52B2E9E2A9D0049909B /* group */,
				53B99B432E8A21740000FD83 /* Setting */,
				53B99B422E8A21670000FD83 /* Summary */,
				53B99B412E8A215F0000FD83 /* Report */,
				53B99B402E8A21540000FD83 /* Home */,
				53B99B382E8A1EEC0000FD83 /* Base */,
				607FACD51AFB9204008FA782 /* AppDelegate.swift */,
				53B3A5292E9E285D0049909B /* GlobalImports.swift */,
				53B3A5BE2E9E47A70049909B /* Localizable.strings */,
				607FACDC1AFB9204008FA782 /* Images.xcassets */,
				607FACDE1AFB9204008FA782 /* LaunchScreen.xib */,
				607FACD31AFB9204008FA782 /* Supporting Files */,
			);
			name = "Example for KiwiPublicPod";
			path = KiwiPublicPod;
			sourceTree = "<group>";
		};
		607FACD31AFB9204008FA782 /* Supporting Files */ = {
			isa = PBXGroup;
			children = (
				607FACD41AFB9204008FA782 /* Info.plist */,
			);
			name = "Supporting Files";
			sourceTree = "<group>";
		};
		607FACF51AFB993E008FA782 /* Podspec Metadata */ = {
			isa = PBXGroup;
			children = (
				6E15FA18FD502A3008D93FEE /* KiwiPublicPod.podspec */,
				5F7223C5A0D8028B2502D186 /* README.md */,
				552125ABD786431F9E991C26 /* LICENSE */,
			);
			name = "Podspec Metadata";
			sourceTree = "<group>";
		};
		D2EA2F497D98AF227D2AE1A4 /* Pods */ = {
			isa = PBXGroup;
			children = (
				0562C9197C0F96F9F759F5E2 /* Pods-KiwiPublicPod_Example.debug.xcconfig */,
				7376776A58667524B7E3D8CE /* Pods-KiwiPublicPod_Example.release.xcconfig */,
			);
			path = Pods;
			sourceTree = "<group>";
		};
/* End PBXGroup section */

/* Begin PBXNativeTarget section */
		607FACCF1AFB9204008FA782 /* KiwiPublicPod_Example */ = {
			isa = PBXNativeTarget;
			buildConfigurationList = 607FACEF1AFB9204008FA782 /* Build configuration list for PBXNativeTarget "KiwiPublicPod_Example" */;
			buildPhases = (
				9F105866C2031C0F50CB03C0 /* [CP] Check Pods Manifest.lock */,
				607FACCC1AFB9204008FA782 /* Sources */,
				607FACCD1AFB9204008FA782 /* Frameworks */,
				607FACCE1AFB9204008FA782 /* Resources */,
				ACB20DCE3CC86B782C12E4ED /* [CP] Embed Pods Frameworks */,
				53B3A5B12E9E45440049909B /* SwiftGen Script */,
			);
			buildRules = (
			);
			dependencies = (
			);
			name = KiwiPublicPod_Example;
			productName = KiwiPublicPod;
			productReference = 607FACD01AFB9204008FA782 /* KiwiPublicPod_Example.app */;
			productType = "com.apple.product-type.application";
		};
/* End PBXNativeTarget section */

/* Begin PBXProject section */
		607FACC81AFB9204008FA782 /* Project object */ = {
			isa = PBXProject;
			attributes = {
				LastSwiftUpdateCheck = 0830;
				LastUpgradeCheck = 0830;
				ORGANIZATIONNAME = CocoaPods;
				TargetAttributes = {
					607FACCF1AFB9204008FA782 = {
						CreatedOnToolsVersion = 6.3.1;
						DevelopmentTeam = NKTVSPZ2V9;
						LastSwiftMigration = 0900;
					};
				};
			};
			buildConfigurationList = 607FACCB1AFB9204008FA782 /* Build configuration list for PBXProject "KiwiPublicPod" */;
			compatibilityVersion = "Xcode 3.2";
			developmentRegion = English;
			hasScannedForEncodings = 0;
			knownRegions = (
				English,
				Base,
				"zh-Hans",
				en,
				"zh-Hant",
				ca,
				fr,
			);
			mainGroup = 607FACC71AFB9204008FA782;
			productRefGroup = 607FACD11AFB9204008FA782 /* Products */;
			projectDirPath = "";
			projectRoot = "";
			targets = (
				607FACCF1AFB9204008FA782 /* KiwiPublicPod_Example */,
			);
		};
/* End PBXProject section */

/* Begin PBXResourcesBuildPhase section */
		607FACCE1AFB9204008FA782 /* Resources */ = {
			isa = PBXResourcesBuildPhase;
			buildActionMask = 2147483647;
			files = (
				607FACE01AFB9204008FA782 /* LaunchScreen.xib in Resources */,
				607FACDD1AFB9204008FA782 /* Images.xcassets in Resources */,
				53B3A5C02E9E47A70049909B /* Localizable.strings in Resources */,
				53B3A5652E9E2AF50049909B /* Products.plist in Resources */,
				53B3A5662E9E2AF50049909B /* Configuration.storekit in Resources */,
				53B3A5672E9E2AF50049909B /* 428AC58F.png in Resources */,
				53B3A5682E9E2AF50049909B /* 583834B5.png in Resources */,
				53B3A5A12E9E43BA0049909B /* new-guid-3.mp4 in Resources */,
				53B3A5A22E9E43BA0049909B /* ArchivoBlack-Regular-2.ttf in Resources */,
				53B3A5A32E9E43BA0049909B /* new-guid-2.mp4 in Resources */,
				53B3A5A42E9E43BA0049909B /* Inter-Light-7.otf in Resources */,
				53B3A5A52E9E43BA0049909B /* new-guid-0.mp4 in Resources */,
				53B3A5A62E9E43BA0049909B /* currency.json in Resources */,
				53B3A5A72E9E43BA0049909B /* Inter-Medium-8.otf in Resources */,
				53B3A5A82E9E43BA0049909B /* first_page_gif.gif in Resources */,
				53B3A5A92E9E43BA0049909B /* setting_animation.mp4 in Resources */,
				53B3A5AA2E9E43BA0049909B /* retrieve_earth.gif in Resources */,
				53B3A5AB2E9E43BA0049909B /* new-guid-1.mp4 in Resources */,
				53B3A5AD2E9E43BA0049909B /* new-guid-4.mp4 in Resources */,
				53B3A5AE2E9E43BA0049909B /* Inter-Bold-4.otf in Resources */,
				53B3A5AF2E9E43BA0049909B /* category.json in Resources */,
				53B3A5B02E9E43BA0049909B /* Inter-Regular-9.otf in Resources */,
				53B3A5692E9E2AF50049909B /* C4BE5869.png in Resources */,
			);
			runOnlyForDeploymentPostprocessing = 0;
		};
/* End PBXResourcesBuildPhase section */

/* Begin PBXShellScriptBuildPhase section */
		53B3A5B12E9E45440049909B /* SwiftGen Script */ = {
			isa = PBXShellScriptBuildPhase;
			buildActionMask = 2147483647;
			files = (
			);
			inputFileListPaths = (
			);
			inputPaths = (
			);
			name = "SwiftGen Script";
			outputFileListPaths = (
			);
			outputPaths = (
			);
			runOnlyForDeploymentPostprocessing = 0;
			shellPath = /bin/sh;
			shellScript = "# Type a script or drag a script file from your workspace to insert its path.\n# 调试日志（编译后可在 Report Navigator 查看）\necho \"=== 环境检查 ===\"\necho \"CONFIGURATION: ${CONFIGURATION}\"\necho \"PROJECT_DIR: ${PROJECT_DIR}\"\n\nif [[ \"${CONFIGURATION}\" = \"Debug\" || \"${CONFIGURATION}\" = \"Staging\" ]]; then\n    \"${PROJECT_DIR}/Pods/SwiftGen/bin/swiftgen\" config run --config \"${PROJECT_DIR}/swiftgen.yml\"\nelif [[ \"${CONFIGURATION}\" = \"Release\" ]]; then\n    echo \"Skipping SwiftGen in production (Release config)\"\nfi\n";
		};
		9F105866C2031C0F50CB03C0 /* [CP] Check Pods Manifest.lock */ = {
			isa = PBXShellScriptBuildPhase;
			buildActionMask = 2147483647;
			files = (
			);
			inputFileListPaths = (
			);
			inputPaths = (
				"${PODS_PODFILE_DIR_PATH}/Podfile.lock",
				"${PODS_ROOT}/Manifest.lock",
			);
			name = "[CP] Check Pods Manifest.lock";
			outputFileListPaths = (
			);
			outputPaths = (
				"$(DERIVED_FILE_DIR)/Pods-KiwiPublicPod_Example-checkManifestLockResult.txt",
			);
			runOnlyForDeploymentPostprocessing = 0;
			shellPath = /bin/sh;
			shellScript = "diff \"${PODS_PODFILE_DIR_PATH}/Podfile.lock\" \"${PODS_ROOT}/Manifest.lock\" > /dev/null\nif [ $? != 0 ] ; then\n    # print error to STDERR\n    echo \"error: The sandbox is not in sync with the Podfile.lock. Run 'pod install' or update your CocoaPods installation.\" >&2\n    exit 1\nfi\n# This output is used by Xcode 'outputs' to avoid re-running this script phase.\necho \"SUCCESS\" > \"${SCRIPT_OUTPUT_FILE_0}\"\n";
			showEnvVarsInLog = 0;
		};
		ACB20DCE3CC86B782C12E4ED /* [CP] Embed Pods Frameworks */ = {
			isa = PBXShellScriptBuildPhase;
			buildActionMask = 2147483647;
			files = (
			);
			inputPaths = (
				"${PODS_ROOT}/Target Support Files/Pods-KiwiPublicPod_Example/Pods-KiwiPublicPod_Example-frameworks.sh",
				"${BUILT_PRODUCTS_DIR}/HandyJSON/HandyJSON.framework",
				"${BUILT_PRODUCTS_DIR}/Kingfisher/Kingfisher.framework",
				"${BUILT_PRODUCTS_DIR}/KiwiPublicPod/KiwiPublicPod.framework",
				"${BUILT_PRODUCTS_DIR}/Localize-Swift/Localize_Swift.framework",
				"${BUILT_PRODUCTS_DIR}/MBProgressHUD/MBProgressHUD.framework",
				"${BUILT_PRODUCTS_DIR}/SQLite.swift/SQLite.framework",
				"${BUILT_PRODUCTS_DIR}/SnapKit/SnapKit.framework",
			);
			name = "[CP] Embed Pods Frameworks";
			outputPaths = (
				"${TARGET_BUILD_DIR}/${FRAMEWORKS_FOLDER_PATH}/HandyJSON.framework",
				"${TARGET_BUILD_DIR}/${FRAMEWORKS_FOLDER_PATH}/Kingfisher.framework",
				"${TARGET_BUILD_DIR}/${FRAMEWORKS_FOLDER_PATH}/KiwiPublicPod.framework",
				"${TARGET_BUILD_DIR}/${FRAMEWORKS_FOLDER_PATH}/Localize_Swift.framework",
				"${TARGET_BUILD_DIR}/${FRAMEWORKS_FOLDER_PATH}/MBProgressHUD.framework",
				"${TARGET_BUILD_DIR}/${FRAMEWORKS_FOLDER_PATH}/SQLite.framework",
				"${TARGET_BUILD_DIR}/${FRAMEWORKS_FOLDER_PATH}/SnapKit.framework",
			);
			runOnlyForDeploymentPostprocessing = 0;
			shellPath = /bin/sh;
			shellScript = "\"${PODS_ROOT}/Target Support Files/Pods-KiwiPublicPod_Example/Pods-KiwiPublicPod_Example-frameworks.sh\"\n";
			showEnvVarsInLog = 0;
		};
/* End PBXShellScriptBuildPhase section */

/* Begin PBXSourcesBuildPhase section */
		607FACCC1AFB9204008FA782 /* Sources */ = {
			isa = PBXSourcesBuildPhase;
			buildActionMask = 2147483647;
			files = (
				53B3A53A2E9E2AE00049909B /* StrategyFooterA.swift in Sources */,
				53B3A58A2E9E429B0049909B /* Widget01ViewController.swift in Sources */,
				53B3A53B2E9E2AE00049909B /* StrategyBase.swift in Sources */,
				53B3A53C2E9E2AE00049909B /* StrategyFooterB.swift in Sources */,
				53B3A57D2E9E38650049909B /* SuperModel.swift in Sources */,
				53B3A53D2E9E2AE00049909B /* CoreDataViewController.swift in Sources */,
				53B3A5862E9E3E000049909B /* SummaryViewController.swift in Sources */,
				53B3A56A2E9E2AF50049909B /* PurchaseTableHeaderView.swift in Sources */,
				53B3A56B2E9E2AF50049909B /* PurchaseViewController.swift in Sources */,
				53B3A56C2E9E2AF50049909B /* Store.swift in Sources */,
				53B3A56D2E9E2AF50049909B /* PurchaseTableViewCell.swift in Sources */,
				53B3A53E2E9E2AE00049909B /* StrategyHeaderB.swift in Sources */,
				53B3A53F2E9E2AE00049909B /* StrategyCellB.swift in Sources */,
				53B3A5402E9E2AE00049909B /* CoreDataTest.xcdatamodeld in Sources */,
				53B3A5412E9E2AE00049909B /* StrategyCellA.swift in Sources */,
				53B3A5422E9E2AE00049909B /* StrategyHeaderA.swift in Sources */,
				53B3A5432E9E2AE00049909B /* StrategyViewController.swift in Sources */,
				53B3A5442E9E2AE00049909B /* CoreDataManager.swift in Sources */,
				53B3A5842E9E3DBB0049909B /* ReportViewController.swift in Sources */,
				53B99B3D2E8A1EEF0000FD83 /* CustomTabBar.swift in Sources */,
				53B99B3F2E8A1EEF0000FD83 /* MainTabBarController.swift in Sources */,
				53B3A5CA2E9E4A400049909B /* Fonts.swift in Sources */,
				53B3A5CB2E9E4A400049909B /* JSON.swift in Sources */,
				53B3A5CC2E9E4A400049909B /* Images.swift in Sources */,
				53B3A5CD2E9E4A400049909B /* Strings.swift in Sources */,
				53B3A5CE2E9E4A400049909B /* MediaFiles.swift in Sources */,
				53B3A52A2E9E285D0049909B /* GlobalImports.swift in Sources */,
				607FACD61AFB9204008FA782 /* AppDelegate.swift in Sources */,
				53B99B472E8A64960000FD83 /* WidgetViewController.swift in Sources */,
				53B3A5272E9E28360049909B /* NotificationCenterKeys.swift in Sources */,
				53B3A5502E9E2AED0049909B /* PhotoStore.swift in Sources */,
				53B3A5512E9E2AED0049909B /* iCloudDocumentsManager.swift in Sources */,
				53B3A5522E9E2AED0049909B /* PersistenceController.swift in Sources */,
				53B3A5532E9E2AED0049909B /* List01ViewController.swift in Sources */,
				53B3A5542E9E2AED0049909B /* CoreDataICloud.xcdatamodeld in Sources */,
				53B3A5552E9E2AED0049909B /* iCloudDocumentViewController.swift in Sources */,
				53B3A5562E9E2AED0049909B /* iCloudRecordAssetViewController.swift in Sources */,
				53B3A5572E9E2AED0049909B /* CloudKitPhotoManager.swift in Sources */,
				53B3A5582E9E2AED0049909B /* iCloudUseViewController.swift in Sources */,
				53B3A5282E9E28360049909B /* UserDefaultsTools.swift in Sources */,
				53B99B452E8A21870000FD83 /* HomeViewController.swift in Sources */,
				53B3A5242E9E281A0049909B /* Common.swift in Sources */,
				53B3A5762E9E37360049909B /* DataBaseTool.swift in Sources */,
				53B3A5772E9E37360049909B /* EducationDetailModel.swift in Sources */,
				53B3A5782E9E37360049909B /* EducationModel.swift in Sources */,
				53B3A5792E9E37360049909B /* PersonModel.swift in Sources */,
				53B3A57A2E9E37360049909B /* DataBaseViewController.swift in Sources */,
			);
			runOnlyForDeploymentPostprocessing = 0;
		};
/* End PBXSourcesBuildPhase section */

/* Begin PBXVariantGroup section */
		53B3A5BE2E9E47A70049909B /* Localizable.strings */ = {
			isa = PBXVariantGroup;
			children = (
				53B3A5BF2E9E47A70049909B /* en */,
				53B3A5C12E9E48FE0049909B /* zh-Hans */,
				53B3A5C42E9E49620049909B /* fr */,
			);
			name = Localizable.strings;
			sourceTree = "<group>";
		};
		607FACDE1AFB9204008FA782 /* LaunchScreen.xib */ = {
			isa = PBXVariantGroup;
			children = (
				607FACDF1AFB9204008FA782 /* Base */,
			);
			name = LaunchScreen.xib;
			sourceTree = "<group>";
		};
/* End PBXVariantGroup section */

/* Begin XCBuildConfiguration section */
		607FACED1AFB9204008FA782 /* Debug */ = {
			isa = XCBuildConfiguration;
			buildSettings = {
				ALWAYS_SEARCH_USER_PATHS = NO;
				CLANG_ANALYZER_LOCALIZABILITY_NONLOCALIZED = YES;
				CLANG_CXX_LANGUAGE_STANDARD = "gnu++0x";
				CLANG_CXX_LIBRARY = "libc++";
				CLANG_ENABLE_MODULES = YES;
				CLANG_ENABLE_OBJC_ARC = YES;
				CLANG_WARN_BLOCK_CAPTURE_AUTORELEASING = YES;
				CLANG_WARN_BOOL_CONVERSION = YES;
				CLANG_WARN_COMMA = YES;
				CLANG_WARN_CONSTANT_CONVERSION = YES;
				CLANG_WARN_DIRECT_OBJC_ISA_USAGE = YES_ERROR;
				CLANG_WARN_EMPTY_BODY = YES;
				CLANG_WARN_ENUM_CONVERSION = YES;
				CLANG_WARN_INFINITE_RECURSION = YES;
				CLANG_WARN_INT_CONVERSION = YES;
				CLANG_WARN_NON_LITERAL_NULL_CONVERSION = YES;
				CLANG_WARN_OBJC_LITERAL_CONVERSION = YES;
				CLANG_WARN_OBJC_ROOT_CLASS = YES_ERROR;
				CLANG_WARN_RANGE_LOOP_ANALYSIS = YES;
				CLANG_WARN_STRICT_PROTOTYPES = YES;
				CLANG_WARN_SUSPICIOUS_MOVE = YES;
				CLANG_WARN_UNREACHABLE_CODE = YES;
				CLANG_WARN__DUPLICATE_METHOD_MATCH = YES;
				"CODE_SIGN_IDENTITY[sdk=iphoneos*]" = "iPhone Developer";
				COPY_PHASE_STRIP = NO;
				DEBUG_INFORMATION_FORMAT = "dwarf-with-dsym";
				ENABLE_STRICT_OBJC_MSGSEND = YES;
				ENABLE_TESTABILITY = YES;
				GCC_C_LANGUAGE_STANDARD = gnu99;
				GCC_DYNAMIC_NO_PIC = NO;
				GCC_NO_COMMON_BLOCKS = YES;
				GCC_OPTIMIZATION_LEVEL = 0;
				GCC_PREPROCESSOR_DEFINITIONS = (
					"DEBUG=1",
					"$(inherited)",
				);
				GCC_SYMBOLS_PRIVATE_EXTERN = NO;
				GCC_WARN_64_TO_32_BIT_CONVERSION = YES;
				GCC_WARN_ABOUT_RETURN_TYPE = YES_ERROR;
				GCC_WARN_UNDECLARED_SELECTOR = YES;
				GCC_WARN_UNINITIALIZED_AUTOS = YES_AGGRESSIVE;
				GCC_WARN_UNUSED_FUNCTION = YES;
				GCC_WARN_UNUSED_VARIABLE = YES;
				IPHONEOS_DEPLOYMENT_TARGET = 9.3;
				MTL_ENABLE_DEBUG_INFO = YES;
				ONLY_ACTIVE_ARCH = YES;
				SDKROOT = iphoneos;
				SWIFT_OPTIMIZATION_LEVEL = "-Onone";
			};
			name = Debug;
		};
		607FACEE1AFB9204008FA782 /* Release */ = {
			isa = XCBuildConfiguration;
			buildSettings = {
				ALWAYS_SEARCH_USER_PATHS = NO;
				CLANG_ANALYZER_LOCALIZABILITY_NONLOCALIZED = YES;
				CLANG_CXX_LANGUAGE_STANDARD = "gnu++0x";
				CLANG_CXX_LIBRARY = "libc++";
				CLANG_ENABLE_MODULES = YES;
				CLANG_ENABLE_OBJC_ARC = YES;
				CLANG_WARN_BLOCK_CAPTURE_AUTORELEASING = YES;
				CLANG_WARN_BOOL_CONVERSION = YES;
				CLANG_WARN_COMMA = YES;
				CLANG_WARN_CONSTANT_CONVERSION = YES;
				CLANG_WARN_DIRECT_OBJC_ISA_USAGE = YES_ERROR;
				CLANG_WARN_EMPTY_BODY = YES;
				CLANG_WARN_ENUM_CONVERSION = YES;
				CLANG_WARN_INFINITE_RECURSION = YES;
				CLANG_WARN_INT_CONVERSION = YES;
				CLANG_WARN_NON_LITERAL_NULL_CONVERSION = YES;
				CLANG_WARN_OBJC_LITERAL_CONVERSION = YES;
				CLANG_WARN_OBJC_ROOT_CLASS = YES_ERROR;
				CLANG_WARN_RANGE_LOOP_ANALYSIS = YES;
				CLANG_WARN_STRICT_PROTOTYPES = YES;
				CLANG_WARN_SUSPICIOUS_MOVE = YES;
				CLANG_WARN_UNREACHABLE_CODE = YES;
				CLANG_WARN__DUPLICATE_METHOD_MATCH = YES;
				"CODE_SIGN_IDENTITY[sdk=iphoneos*]" = "iPhone Developer";
				COPY_PHASE_STRIP = NO;
				DEBUG_INFORMATION_FORMAT = "dwarf-with-dsym";
				ENABLE_NS_ASSERTIONS = NO;
				ENABLE_STRICT_OBJC_MSGSEND = YES;
				GCC_C_LANGUAGE_STANDARD = gnu99;
				GCC_NO_COMMON_BLOCKS = YES;
				GCC_WARN_64_TO_32_BIT_CONVERSION = YES;
				GCC_WARN_ABOUT_RETURN_TYPE = YES_ERROR;
				GCC_WARN_UNDECLARED_SELECTOR = YES;
				GCC_WARN_UNINITIALIZED_AUTOS = YES_AGGRESSIVE;
				GCC_WARN_UNUSED_FUNCTION = YES;
				GCC_WARN_UNUSED_VARIABLE = YES;
				IPHONEOS_DEPLOYMENT_TARGET = 9.3;
				MTL_ENABLE_DEBUG_INFO = NO;
				SDKROOT = iphoneos;
				SWIFT_OPTIMIZATION_LEVEL = "-Owholemodule";
				VALIDATE_PRODUCT = YES;
			};
			name = Release;
		};
		607FACF01AFB9204008FA782 /* Debug */ = {
			isa = XCBuildConfiguration;
			baseConfigurationReference = 0562C9197C0F96F9F759F5E2 /* Pods-KiwiPublicPod_Example.debug.xcconfig */;
			buildSettings = {
				ASSETCATALOG_COMPILER_APPICON_NAME = AppIcon;
				CODE_SIGN_ENTITLEMENTS = KiwiPublicPod_Example.entitlements;
				DEVELOPMENT_TEAM = NKTVSPZ2V9;
				INFOPLIST_FILE = KiwiPublicPod/Info.plist;
				IPHONEOS_DEPLOYMENT_TARGET = 15.0;
				LD_RUNPATH_SEARCH_PATHS = "$(inherited) @executable_path/Frameworks";
				MODULE_NAME = ExampleApp;
				PRODUCT_BUNDLE_IDENTIFIER = "org.cocoapods.demo.$(PRODUCT_NAME:rfc1034identifier)";
				PRODUCT_NAME = "$(TARGET_NAME)";
				SWIFT_SWIFT3_OBJC_INFERENCE = Default;
				SWIFT_VERSION = 5.0;
			};
			name = Debug;
		};
		607FACF11AFB9204008FA782 /* Release */ = {
			isa = XCBuildConfiguration;
			baseConfigurationReference = 7376776A58667524B7E3D8CE /* Pods-KiwiPublicPod_Example.release.xcconfig */;
			buildSettings = {
				ASSETCATALOG_COMPILER_APPICON_NAME = AppIcon;
				CODE_SIGN_ENTITLEMENTS = KiwiPublicPod_Example.entitlements;
				DEVELOPMENT_TEAM = NKTVSPZ2V9;
				INFOPLIST_FILE = KiwiPublicPod/Info.plist;
				IPHONEOS_DEPLOYMENT_TARGET = 15.0;
				LD_RUNPATH_SEARCH_PATHS = "$(inherited) @executable_path/Frameworks";
				MODULE_NAME = ExampleApp;
				PRODUCT_BUNDLE_IDENTIFIER = "org.cocoapods.demo.$(PRODUCT_NAME:rfc1034identifier)";
				PRODUCT_NAME = "$(TARGET_NAME)";
				SWIFT_SWIFT3_OBJC_INFERENCE = Default;
				SWIFT_VERSION = 5.0;
			};
			name = Release;
		};
/* End XCBuildConfiguration section */

/* Begin XCConfigurationList section */
		607FACCB1AFB9204008FA782 /* Build configuration list for PBXProject "KiwiPublicPod" */ = {
			isa = XCConfigurationList;
			buildConfigurations = (
				607FACED1AFB9204008FA782 /* Debug */,
				607FACEE1AFB9204008FA782 /* Release */,
			);
			defaultConfigurationIsVisible = 0;
			defaultConfigurationName = Release;
		};
		607FACEF1AFB9204008FA782 /* Build configuration list for PBXNativeTarget "KiwiPublicPod_Example" */ = {
			isa = XCConfigurationList;
			buildConfigurations = (
				607FACF01AFB9204008FA782 /* Debug */,
				607FACF11AFB9204008FA782 /* Release */,
			);
			defaultConfigurationIsVisible = 0;
			defaultConfigurationName = Release;
		};
/* End XCConfigurationList section */

/* Begin XCVersionGroup section */
		53B3A5362E9E2AE00049909B /* CoreDataTest.xcdatamodeld */ = {
			isa = XCVersionGroup;
			children = (
				53B3A5392E9E2AE00049909B /* CoreDataTest.xcdatamodel */,
			);
			currentVersion = 53B3A5392E9E2AE00049909B /* CoreDataTest.xcdatamodel */;
			path = CoreDataTest.xcdatamodeld;
			sourceTree = "<group>";
			versionGroupType = wrapper.xcdatamodel;
		};
		53B3A5462E9E2AED0049909B /* CoreDataICloud.xcdatamodeld */ = {
			isa = XCVersionGroup;
			children = (
				53B3A54F2E9E2AED0049909B /* CoreDataICloud.xcdatamodel */,
			);
			currentVersion = 53B3A54F2E9E2AED0049909B /* CoreDataICloud.xcdatamodel */;
			path = CoreDataICloud.xcdatamodeld;
			sourceTree = "<group>";
			versionGroupType = wrapper.xcdatamodel;
		};
/* End XCVersionGroup section */
	};
	rootObject = 607FACC81AFB9204008FA782 /* Project object */;
}
