PODS:
  - KiwiPublicPod (0.1.2):
    - Localize-Swift (~> 3.2.0)
    - SnapKit (~> 5.7.0)
  - Localize-Swift (3.2.0):
    - Localize-Swift/LocalizeSwiftCore (= 3.2.0)
    - Localize-Swift/UIKit (= 3.2.0)
  - Localize-Swift/LocalizeSwiftCore (3.2.0)
  - Localize-Swift/UIKit (3.2.0):
    - Localize-Swift/LocalizeSwiftCore
  - SnapKit (5.7.1)

DEPENDENCIES:
  - KiwiPublicPod (from `../`)

SPEC REPOS:
  trunk:
    - Localize-Swift
    - SnapKit

EXTERNAL SOURCES:
  KiwiPublicPod:
    :path: "../"

SPEC CHECKSUMS:
  KiwiPublicPod: e91c34e89bb8e4bebecc2ddba78a9538118a2579
  Localize-Swift: 6f4475136bdb0d7b2882ea3d4ea919d70142b232
  SnapKit: d612e99e678a2d3b95bf60b0705ed0a35c03484a

PODFILE CHECKSUM: 79a897f12c3a02e742483349a19ba5b3a708c10b

COCOAPODS: 1.16.2
