PODS:
  - KiwiPublicPod (0.1.4):
    - KiwiPublicPod/CustomView (= 0.1.4)
    - KiwiPublicPod/Extension (= 0.1.4)
    - KiwiPublicPod/Utitls (= 0.1.4)
    - Localize-Swift (~> 3.2.0)
    - MBProgressHUD (~> 1.2.0)
    - SnapKit (~> 5.7.0)
  - KiwiPublicPod/CustomView (0.1.4):
    - Localize-Swift (~> 3.2.0)
    - MBProgressHUD (~> 1.2.0)
    - SnapKit (~> 5.7.0)
  - KiwiPublicPod/Extension (0.1.4):
    - Localize-Swift (~> 3.2.0)
    - MBProgressHUD (~> 1.2.0)
    - SnapKit (~> 5.7.0)
  - KiwiPublicPod/Utitls (0.1.4):
    - Localize-Swift (~> 3.2.0)
    - MBProgressHUD (~> 1.2.0)
    - SnapKit (~> 5.7.0)
  - Localize-Swift (3.2.0):
    - Localize-Swift/LocalizeSwiftCore (= 3.2.0)
    - Localize-Swift/UIKit (= 3.2.0)
  - Localize-Swift/LocalizeSwiftCore (3.2.0)
  - Localize-Swift/UIKit (3.2.0):
    - Localize-Swift/LocalizeSwiftCore
  - MBProgressHUD (1.2.0)
  - SnapKit (5.7.1)
  - SwiftGen (6.6.3)

DEPENDENCIES:
  - KiwiPublicPod (from `../`)
  - SwiftGen (~> 6.6.3)

SPEC REPOS:
  trunk:
    - Localize-Swift
    - MBProgressHUD
    - SnapKit
    - SwiftGen

EXTERNAL SOURCES:
  KiwiPublicPod:
    :path: "../"

SPEC CHECKSUMS:
  KiwiPublicPod: f10264b83fedb89b5efadfc5ea4528c3180cd889
  Localize-Swift: 6f4475136bdb0d7b2882ea3d4ea919d70142b232
  MBProgressHUD: 3ee5efcc380f6a79a7cc9b363dd669c5e1ae7406
  SnapKit: d612e99e678a2d3b95bf60b0705ed0a35c03484a
  SwiftGen: 4993cbf71cbc4886f775e26f8d5c3a1188ec9f99

PODFILE CHECKSUM: 364eb050f866059bdfc4d39ab6ab57067fc479ae

COCOAPODS: 1.16.2
